// !$*UTF8*$!
{
	archiveVersion = 1;
	classes = {
	};
	objectVersion = 46;
	objects = {

/* Begin PBXBuildFile section */
		AC2E38861EF2FE6F0020D3BF /* EntityController.swift in Sources */ = {isa = PBXBuildFile; fileRef = AC2E38851EF2FE6F0020D3BF /* EntityController.swift */; };
		AC2E38891EF301C00020D3BF /* EntityPickerDelegate.swift in Sources */ = {isa = PBXBuildFile; fileRef = AC2E38881EF301C00020D3BF /* EntityPickerDelegate.swift */; };
		AC2E388F1EF43FE30020D3BF /* CharacterTableViewDataSource.swift in Sources */ = {isa = PBXBuildFile; fileRef = AC2E388E1EF43FE30020D3BF /* CharacterTableViewDataSource.swift */; };
		AC2E38911EF443CF0020D3BF /* EntityCell.swift in Sources */ = {isa = PBXBuildFile; fileRef = AC2E38901EF443CF0020D3BF /* EntityCell.swift */; };
		AC6311F51EF2025A00B0C35B /* EntityPickerDataSource.swift in Sources */ = {isa = PBXBuildFile; fileRef = AC6311F41EF2025A00B0C35B /* EntityPickerDataSource.swift */; };
		AC6311F81EF2EF5F00B0C35B /* EntityType.swift in Sources */ = {isa = PBXBuildFile; fileRef = AC6311F71EF2EF5F00B0C35B /* EntityType.swift */; };
		AC6B206A1EF84648006C1436 /* Entity.swift in Sources */ = {isa = PBXBuildFile; fileRef = AC6B20691EF84648006C1436 /* Entity.swift */; };
		AC6B206C1EF84E1D006C1436 /* VehicleTableViewDataSource.swift in Sources */ = {isa = PBXBuildFile; fileRef = AC6B206B1EF84E1D006C1436 /* VehicleTableViewDataSource.swift */; };
		AC6B206E1EF8505A006C1436 /* EntityTableViewDataSource.swift in Sources */ = {isa = PBXBuildFile; fileRef = AC6B206D1EF8505A006C1436 /* EntityTableViewDataSource.swift */; };
		AC6B20741EF98961006C1436 /* AssociatedVehiclesController.swift in Sources */ = {isa = PBXBuildFile; fileRef = AC6B20731EF98961006C1436 /* AssociatedVehiclesController.swift */; };
		AC6B20761EF989A9006C1436 /* AssociatedVehiclesDataSource.swift in Sources */ = {isa = PBXBuildFile; fileRef = AC6B20751EF989A9006C1436 /* AssociatedVehiclesDataSource.swift */; };
		AC6B20781EF9A678006C1436 /* VehicleCell.swift in Sources */ = {isa = PBXBuildFile; fileRef = AC6B20771EF9A678006C1436 /* VehicleCell.swift */; };
		AC6B209C1EFAE368006C1436 /* CurrencyCell.swift in Sources */ = {isa = PBXBuildFile; fileRef = AC6B209B1EFAE368006C1436 /* CurrencyCell.swift */; };
		AC6B209E1EFAF2C9006C1436 /* LengthCell.swift in Sources */ = {isa = PBXBuildFile; fileRef = AC6B209D1EFAF2C9006C1436 /* LengthCell.swift */; };
		AC6B20A01EFB17FC006C1436 /* SettingsController.swift in Sources */ = {isa = PBXBuildFile; fileRef = AC6B209F1EFB17FC006C1436 /* SettingsController.swift */; };
		ACBECBCC1EF055A300F69032 /* AppDelegate.swift in Sources */ = {isa = PBXBuildFile; fileRef = ACBECBCB1EF055A300F69032 /* AppDelegate.swift */; };
		ACBECBCE1EF055A300F69032 /* ViewController.swift in Sources */ = {isa = PBXBuildFile; fileRef = ACBECBCD1EF055A300F69032 /* ViewController.swift */; };
		ACBECBD11EF055A300F69032 /* Main.storyboard in Resources */ = {isa = PBXBuildFile; fileRef = ACBECBCF1EF055A300F69032 /* Main.storyboard */; };
		ACBECBD31EF055A300F69032 /* Assets.xcassets in Resources */ = {isa = PBXBuildFile; fileRef = ACBECBD21EF055A300F69032 /* Assets.xcassets */; };
		ACBECBD61EF055A300F69032 /* LaunchScreen.storyboard in Resources */ = {isa = PBXBuildFile; fileRef = ACBECBD41EF055A300F69032 /* LaunchScreen.storyboard */; };
		ACBECBDF1EF05D4C00F69032 /* Character.swift in Sources */ = {isa = PBXBuildFile; fileRef = ACBECBDE1EF05D4C00F69032 /* Character.swift */; };
		ACBECBE11EF05D6600F69032 /* Vehicle.swift in Sources */ = {isa = PBXBuildFile; fileRef = ACBECBE01EF05D6600F69032 /* Vehicle.swift */; };
		ACBECBE71EF0641600F69032 /* Endpoint.swift in Sources */ = {isa = PBXBuildFile; fileRef = ACBECBE61EF0641600F69032 /* Endpoint.swift */; };
		ACBECBE91EF06AD700F69032 /* SWAPIClient.swift in Sources */ = {isa = PBXBuildFile; fileRef = ACBECBE81EF06AD700F69032 /* SWAPIClient.swift */; };
		ACBECBEB1EF06B0300F69032 /* JSONDownloader.swift in Sources */ = {isa = PBXBuildFile; fileRef = ACBECBEA1EF06B0300F69032 /* JSONDownloader.swift */; };
		ACBECBED1EF06B8200F69032 /* SWAPIError.swift in Sources */ = {isa = PBXBuildFile; fileRef = ACBECBEC1EF06B8200F69032 /* SWAPIError.swift */; };
/* End PBXBuildFile section */

/* Begin PBXFileReference section */
		AC2E38851EF2FE6F0020D3BF /* EntityController.swift */ = {isa = PBXFileReference; fileEncoding = 4; lastKnownFileType = sourcecode.swift; path = EntityController.swift; sourceTree = "<group>"; };
		AC2E38881EF301C00020D3BF /* EntityPickerDelegate.swift */ = {isa = PBXFileReference; fileEncoding = 4; lastKnownFileType = sourcecode.swift; path = EntityPickerDelegate.swift; sourceTree = "<group>"; };
		AC2E388E1EF43FE30020D3BF /* CharacterTableViewDataSource.swift */ = {isa = PBXFileReference; fileEncoding = 4; lastKnownFileType = sourcecode.swift; path = CharacterTableViewDataSource.swift; sourceTree = "<group>"; };
		AC2E38901EF443CF0020D3BF /* EntityCell.swift */ = {isa = PBXFileReference; fileEncoding = 4; lastKnownFileType = sourcecode.swift; path = EntityCell.swift; sourceTree = "<group>"; };
		AC6311F41EF2025A00B0C35B /* EntityPickerDataSource.swift */ = {isa = PBXFileReference; fileEncoding = 4; lastKnownFileType = sourcecode.swift; path = EntityPickerDataSource.swift; sourceTree = "<group>"; };
		AC6311F71EF2EF5F00B0C35B /* EntityType.swift */ = {isa = PBXFileReference; fileEncoding = 4; lastKnownFileType = sourcecode.swift; path = EntityType.swift; sourceTree = "<group>"; };
		AC6B20691EF84648006C1436 /* Entity.swift */ = {isa = PBXFileReference; fileEncoding = 4; lastKnownFileType = sourcecode.swift; path = Entity.swift; sourceTree = "<group>"; };
		AC6B206B1EF84E1D006C1436 /* VehicleTableViewDataSource.swift */ = {isa = PBXFileReference; fileEncoding = 4; lastKnownFileType = sourcecode.swift; path = VehicleTableViewDataSource.swift; sourceTree = "<group>"; };
		AC6B206D1EF8505A006C1436 /* EntityTableViewDataSource.swift */ = {isa = PBXFileReference; fileEncoding = 4; lastKnownFileType = sourcecode.swift; path = EntityTableViewDataSource.swift; sourceTree = "<group>"; };
		AC6B20731EF98961006C1436 /* AssociatedVehiclesController.swift */ = {isa = PBXFileReference; fileEncoding = 4; lastKnownFileType = sourcecode.swift; path = AssociatedVehiclesController.swift; sourceTree = "<group>"; };
		AC6B20751EF989A9006C1436 /* AssociatedVehiclesDataSource.swift */ = {isa = PBXFileReference; fileEncoding = 4; lastKnownFileType = sourcecode.swift; path = AssociatedVehiclesDataSource.swift; sourceTree = "<group>"; };
		AC6B20771EF9A678006C1436 /* VehicleCell.swift */ = {isa = PBXFileReference; fileEncoding = 4; lastKnownFileType = sourcecode.swift; path = VehicleCell.swift; sourceTree = "<group>"; };
		AC6B209B1EFAE368006C1436 /* CurrencyCell.swift */ = {isa = PBXFileReference; fileEncoding = 4; lastKnownFileType = sourcecode.swift; path = CurrencyCell.swift; sourceTree = "<group>"; };
		AC6B209D1EFAF2C9006C1436 /* LengthCell.swift */ = {isa = PBXFileReference; fileEncoding = 4; lastKnownFileType = sourcecode.swift; path = LengthCell.swift; sourceTree = "<group>"; };
		AC6B209F1EFB17FC006C1436 /* SettingsController.swift */ = {isa = PBXFileReference; fileEncoding = 4; lastKnownFileType = sourcecode.swift; path = SettingsController.swift; sourceTree = "<group>"; };
		ACBECBC81EF055A300F69032 /* The API Awakens.app */ = {isa = PBXFileReference; explicitFileType = wrapper.application; includeInIndex = 0; path = "The API Awakens.app"; sourceTree = BUILT_PRODUCTS_DIR; };
		ACBECBCB1EF055A300F69032 /* AppDelegate.swift */ = {isa = PBXFileReference; lastKnownFileType = sourcecode.swift; path = AppDelegate.swift; sourceTree = "<group>"; };
		ACBECBCD1EF055A300F69032 /* ViewController.swift */ = {isa = PBXFileReference; lastKnownFileType = sourcecode.swift; path = ViewController.swift; sourceTree = "<group>"; };
		ACBECBD01EF055A300F69032 /* Base */ = {isa = PBXFileReference; lastKnownFileType = file.storyboard; name = Base; path = Base.lproj/Main.storyboard; sourceTree = "<group>"; };
		ACBECBD21EF055A300F69032 /* Assets.xcassets */ = {isa = PBXFileReference; lastKnownFileType = folder.assetcatalog; path = Assets.xcassets; sourceTree = "<group>"; };
		ACBECBD51EF055A300F69032 /* Base */ = {isa = PBXFileReference; lastKnownFileType = file.storyboard; name = Base; path = Base.lproj/LaunchScreen.storyboard; sourceTree = "<group>"; };
		ACBECBD71EF055A300F69032 /* Info.plist */ = {isa = PBXFileReference; lastKnownFileType = text.plist.xml; path = Info.plist; sourceTree = "<group>"; };
		ACBECBDE1EF05D4C00F69032 /* Character.swift */ = {isa = PBXFileReference; fileEncoding = 4; lastKnownFileType = sourcecode.swift; name = Character.swift; path = Models/Character.swift; sourceTree = "<group>"; };
		ACBECBE01EF05D6600F69032 /* Vehicle.swift */ = {isa = PBXFileReference; fileEncoding = 4; lastKnownFileType = sourcecode.swift; name = Vehicle.swift; path = Models/Vehicle.swift; sourceTree = "<group>"; };
		ACBECBE61EF0641600F69032 /* Endpoint.swift */ = {isa = PBXFileReference; fileEncoding = 4; lastKnownFileType = sourcecode.swift; path = Endpoint.swift; sourceTree = "<group>"; };
		ACBECBE81EF06AD700F69032 /* SWAPIClient.swift */ = {isa = PBXFileReference; fileEncoding = 4; lastKnownFileType = sourcecode.swift; name = SWAPIClient.swift; path = Networking/SWAPIClient.swift; sourceTree = "<group>"; };
		ACBECBEA1EF06B0300F69032 /* JSONDownloader.swift */ = {isa = PBXFileReference; fileEncoding = 4; lastKnownFileType = sourcecode.swift; name = JSONDownloader.swift; path = Networking/JSONDownloader.swift; sourceTree = "<group>"; };
		ACBECBEC1EF06B8200F69032 /* SWAPIError.swift */ = {isa = PBXFileReference; fileEncoding = 4; lastKnownFileType = sourcecode.swift; name = SWAPIError.swift; path = Networking/SWAPIError.swift; sourceTree = "<group>"; };
/* End PBXFileReference section */

/* Begin PBXFrameworksBuildPhase section */
		ACBECBC51EF055A300F69032 /* Frameworks */ = {
			isa = PBXFrameworksBuildPhase;
			buildActionMask = 2147483647;
			files = (
			);
			runOnlyForDeploymentPostprocessing = 0;
		};
/* End PBXFrameworksBuildPhase section */

/* Begin PBXGroup section */
		AC2E38871EF301AE0020D3BF /* Delegates */ = {
			isa = PBXGroup;
			children = (
				AC2E38881EF301C00020D3BF /* EntityPickerDelegate.swift */,
			);
			name = Delegates;
			sourceTree = "<group>";
		};
		AC2E38921EF443D30020D3BF /* Views */ = {
			isa = PBXGroup;
			children = (
				AC2E38901EF443CF0020D3BF /* EntityCell.swift */,
				AC6B20771EF9A678006C1436 /* VehicleCell.swift */,
				AC6B209B1EFAE368006C1436 /* CurrencyCell.swift */,
				AC6B209D1EFAF2C9006C1436 /* LengthCell.swift */,
			);
			name = Views;
			sourceTree = "<group>";
		};
		AC6311F01EF0BF0C00B0C35B /* Controllers */ = {
			isa = PBXGroup;
			children = (
				ACBECBCD1EF055A300F69032 /* ViewController.swift */,
				AC2E38851EF2FE6F0020D3BF /* EntityController.swift */,
				AC6B20731EF98961006C1436 /* AssociatedVehiclesController.swift */,
				AC6B209F1EFB17FC006C1436 /* SettingsController.swift */,
			);
			name = Controllers;
			sourceTree = "<group>";
		};
		AC6311F31EF2021900B0C35B /* Data Sources */ = {
			isa = PBXGroup;
			children = (
				AC2E388E1EF43FE30020D3BF /* CharacterTableViewDataSource.swift */,
				AC6B206B1EF84E1D006C1436 /* VehicleTableViewDataSource.swift */,
				AC6311F41EF2025A00B0C35B /* EntityPickerDataSource.swift */,
				AC6B206D1EF8505A006C1436 /* EntityTableViewDataSource.swift */,
				AC6B20751EF989A9006C1436 /* AssociatedVehiclesDataSource.swift */,
			);
			name = "Data Sources";
			sourceTree = "<group>";
		};
		ACBECBBF1EF055A300F69032 = {
			isa = PBXGroup;
			children = (
				ACBECBCA1EF055A300F69032 /* The API Awakens */,
				ACBECBC91EF055A300F69032 /* Products */,
			);
			sourceTree = "<group>";
		};
		ACBECBC91EF055A300F69032 /* Products */ = {
			isa = PBXGroup;
			children = (
				ACBECBC81EF055A300F69032 /* The API Awakens.app */,
			);
			name = Products;
			sourceTree = "<group>";
		};
		ACBECBCA1EF055A300F69032 /* The API Awakens */ = {
			isa = PBXGroup;
			children = (
				AC2E38871EF301AE0020D3BF /* Delegates */,
				AC6311F31EF2021900B0C35B /* Data Sources */,
				AC6311F01EF0BF0C00B0C35B /* Controllers */,
				ACBECBE41EF05D7500F69032 /* Networking */,
				ACBECBDD1EF05D2C00F69032 /* Models */,
				AC2E38921EF443D30020D3BF /* Views */,
				ACBECBCB1EF055A300F69032 /* AppDelegate.swift */,
				ACBECBCF1EF055A300F69032 /* Main.storyboard */,
				ACBECBD21EF055A300F69032 /* Assets.xcassets */,
				ACBECBD41EF055A300F69032 /* LaunchScreen.storyboard */,
				ACBECBD71EF055A300F69032 /* Info.plist */,
			);
			path = "The API Awakens";
			sourceTree = "<group>";
		};
		ACBECBDD1EF05D2C00F69032 /* Models */ = {
			isa = PBXGroup;
			children = (
				ACBECBE51EF0640B00F69032 /* Endpoint */,
				ACBECBDE1EF05D4C00F69032 /* Character.swift */,
				ACBECBE01EF05D6600F69032 /* Vehicle.swift */,
				AC6311F71EF2EF5F00B0C35B /* EntityType.swift */,
				AC6B20691EF84648006C1436 /* Entity.swift */,
			);
			name = Models;
			sourceTree = "<group>";
		};
		ACBECBE41EF05D7500F69032 /* Networking */ = {
			isa = PBXGroup;
			children = (
				ACBECBE81EF06AD700F69032 /* SWAPIClient.swift */,
				ACBECBEA1EF06B0300F69032 /* JSONDownloader.swift */,
				ACBECBEC1EF06B8200F69032 /* SWAPIError.swift */,
			);
			name = Networking;
			sourceTree = "<group>";
		};
		ACBECBE51EF0640B00F69032 /* Endpoint */ = {
			isa = PBXGroup;
			children = (
				ACBECBE61EF0641600F69032 /* Endpoint.swift */,
			);
			name = Endpoint;
			sourceTree = "<group>";
		};
/* End PBXGroup section */

/* Begin PBXNativeTarget section */
		ACBECBC71EF055A300F69032 /* The API Awakens */ = {
			isa = PBXNativeTarget;
			buildConfigurationList = ACBECBDA1EF055A300F69032 /* Build configuration list for PBXNativeTarget "The API Awakens" */;
			buildPhases = (
				ACBECBC41EF055A300F69032 /* Sources */,
				ACBECBC51EF055A300F69032 /* Frameworks */,
				ACBECBC61EF055A300F69032 /* Resources */,
			);
			buildRules = (
			);
			dependencies = (
			);
			name = "The API Awakens";
			productName = "The API Awakens";
			productReference = ACBECBC81EF055A300F69032 /* The API Awakens.app */;
			productType = "com.apple.product-type.application";
		};
/* End PBXNativeTarget section */

/* Begin PBXProject section */
		ACBECBC01EF055A300F69032 /* Project object */ = {
			isa = PBXProject;
			attributes = {
				LastSwiftUpdateCheck = 0830;
				LastUpgradeCheck = 0830;
				ORGANIZATIONNAME = "Ty Schenk";
				TargetAttributes = {
					ACBECBC71EF055A300F69032 = {
						CreatedOnToolsVersion = 8.3.3;
						DevelopmentTeam = 8AYF758EP8;
						ProvisioningStyle = Automatic;
					};
				};
			};
			buildConfigurationList = ACBECBC31EF055A300F69032 /* Build configuration list for PBXProject "The API Awakens" */;
			compatibilityVersion = "Xcode 3.2";
			developmentRegion = English;
			hasScannedForEncodings = 0;
			knownRegions = (
				en,
				Base,
			);
			mainGroup = ACBECBBF1EF055A300F69032;
			productRefGroup = ACBECBC91EF055A300F69032 /* Products */;
			projectDirPath = "";
			projectRoot = "";
			targets = (
				ACBECBC71EF055A300F69032 /* The API Awakens */,
			);
		};
/* End PBXProject section */

/* Begin PBXResourcesBuildPhase section */
		ACBECBC61EF055A300F69032 /* Resources */ = {
			isa = PBXResourcesBuildPhase;
			buildActionMask = 2147483647;
			files = (
				ACBECBD61EF055A300F69032 /* LaunchScreen.storyboard in Resources */,
				ACBECBD31EF055A300F69032 /* Assets.xcassets in Resources */,
				ACBECBD11EF055A300F69032 /* Main.storyboard in Resources */,
			);
			runOnlyForDeploymentPostprocessing = 0;
		};
/* End PBXResourcesBuildPhase section */

/* Begin PBXSourcesBuildPhase section */
		ACBECBC41EF055A300F69032 /* Sources */ = {
			isa = PBXSourcesBuildPhase;
			buildActionMask = 2147483647;
			files = (
				AC6B20A01EFB17FC006C1436 /* SettingsController.swift in Sources */,
				AC2E38891EF301C00020D3BF /* EntityPickerDelegate.swift in Sources */,
				ACBECBEB1EF06B0300F69032 /* JSONDownloader.swift in Sources */,
				ACBECBE11EF05D6600F69032 /* Vehicle.swift in Sources */,
				ACBECBE71EF0641600F69032 /* Endpoint.swift in Sources */,
				AC6311F51EF2025A00B0C35B /* EntityPickerDataSource.swift in Sources */,
				AC6B20781EF9A678006C1436 /* VehicleCell.swift in Sources */,
				AC6B209C1EFAE368006C1436 /* CurrencyCell.swift in Sources */,
				AC6B206C1EF84E1D006C1436 /* VehicleTableViewDataSource.swift in Sources */,
				ACBECBDF1EF05D4C00F69032 /* Character.swift in Sources */,
				ACBECBCE1EF055A300F69032 /* ViewController.swift in Sources */,
				ACBECBCC1EF055A300F69032 /* AppDelegate.swift in Sources */,
				AC6B20741EF98961006C1436 /* AssociatedVehiclesController.swift in Sources */,
				AC2E388F1EF43FE30020D3BF /* CharacterTableViewDataSource.swift in Sources */,
				AC6311F81EF2EF5F00B0C35B /* EntityType.swift in Sources */,
				ACBECBED1EF06B8200F69032 /* SWAPIError.swift in Sources */,
				AC6B206A1EF84648006C1436 /* Entity.swift in Sources */,
				AC2E38861EF2FE6F0020D3BF /* EntityController.swift in Sources */,
				AC6B206E1EF8505A006C1436 /* EntityTableViewDataSource.swift in Sources */,
				AC2E38911EF443CF0020D3BF /* EntityCell.swift in Sources */,
				ACBECBE91EF06AD700F69032 /* SWAPIClient.swift in Sources */,
				AC6B209E1EFAF2C9006C1436 /* LengthCell.swift in Sources */,
				AC6B20761EF989A9006C1436 /* AssociatedVehiclesDataSource.swift in Sources */,
			);
			runOnlyForDeploymentPostprocessing = 0;
		};
/* End PBXSourcesBuildPhase section */

/* Begin PBXVariantGroup section */
		ACBECBCF1EF055A300F69032 /* Main.storyboard */ = {
			isa = PBXVariantGroup;
			children = (
				ACBECBD01EF055A300F69032 /* Base */,
			);
			name = Main.storyboard;
			sourceTree = "<group>";
		};
		ACBECBD41EF055A300F69032 /* LaunchScreen.storyboard */ = {
			isa = PBXVariantGroup;
			children = (
				ACBECBD51EF055A300F69032 /* Base */,
			);
			name = LaunchScreen.storyboard;
			sourceTree = "<group>";
		};
/* End PBXVariantGroup section */

/* Begin XCBuildConfiguration section */
		ACBECBD81EF055A300F69032 /* Debug */ = {
			isa = XCBuildConfiguration;
			buildSettings = {
				ALWAYS_SEARCH_USER_PATHS = NO;
				CLANG_ANALYZER_NONNULL = YES;
				CLANG_ANALYZER_NUMBER_OBJECT_CONVERSION = YES_AGGRESSIVE;
				CLANG_CXX_LANGUAGE_STANDARD = "gnu++0x";
				CLANG_CXX_LIBRARY = "libc++";
				CLANG_ENABLE_MODULES = YES;
				CLANG_ENABLE_OBJC_ARC = YES;
				CLANG_WARN_BOOL_CONVERSION = YES;
				CLANG_WARN_CONSTANT_CONVERSION = YES;
				CLANG_WARN_DIRECT_OBJC_ISA_USAGE = YES_ERROR;
				CLANG_WARN_DOCUMENTATION_COMMENTS = YES;
				CLANG_WARN_EMPTY_BODY = YES;
				CLANG_WARN_ENUM_CONVERSION = YES;
				CLANG_WARN_INFINITE_RECURSION = YES;
				CLANG_WARN_INT_CONVERSION = YES;
				CLANG_WARN_OBJC_ROOT_CLASS = YES_ERROR;
				CLANG_WARN_SUSPICIOUS_MOVE = YES;
				CLANG_WARN_UNREACHABLE_CODE = YES;
				CLANG_WARN__DUPLICATE_METHOD_MATCH = YES;
				"CODE_SIGN_IDENTITY[sdk=iphoneos*]" = "iPhone Developer";
				COPY_PHASE_STRIP = NO;
				DEBUG_INFORMATION_FORMAT = dwarf;
				ENABLE_STRICT_OBJC_MSGSEND = YES;
				ENABLE_TESTABILITY = YES;
				GCC_C_LANGUAGE_STANDARD = gnu99;
				GCC_DYNAMIC_NO_PIC = NO;
				GCC_NO_COMMON_BLOCKS = YES;
				GCC_OPTIMIZATION_LEVEL = 0;
				GCC_PREPROCESSOR_DEFINITIONS = (
					"DEBUG=1",
					"$(inherited)",
				);
				GCC_WARN_64_TO_32_BIT_CONVERSION = YES;
				GCC_WARN_ABOUT_RETURN_TYPE = YES_ERROR;
				GCC_WARN_UNDECLARED_SELECTOR = YES;
				GCC_WARN_UNINITIALIZED_AUTOS = YES_AGGRESSIVE;
				GCC_WARN_UNUSED_FUNCTION = YES;
				GCC_WARN_UNUSED_VARIABLE = YES;
				IPHONEOS_DEPLOYMENT_TARGET = 10.3;
				MTL_ENABLE_DEBUG_INFO = YES;
				ONLY_ACTIVE_ARCH = YES;
				SDKROOT = iphoneos;
				SWIFT_ACTIVE_COMPILATION_CONDITIONS = DEBUG;
				SWIFT_OPTIMIZATION_LEVEL = "-Onone";
			};
			name = Debug;
		};
		ACBECBD91EF055A300F69032 /* Release */ = {
			isa = XCBuildConfiguration;
			buildSettings = {
				ALWAYS_SEARCH_USER_PATHS = NO;
				CLANG_ANALYZER_NONNULL = YES;
				CLANG_ANALYZER_NUMBER_OBJECT_CONVERSION = YES_AGGRESSIVE;
				CLANG_CXX_LANGUAGE_STANDARD = "gnu++0x";
				CLANG_CXX_LIBRARY = "libc++";
				CLANG_ENABLE_MODULES = YES;
				CLANG_ENABLE_OBJC_ARC = YES;
				CLANG_WARN_BOOL_CONVERSION = YES;
				CLANG_WARN_CONSTANT_CONVERSION = YES;
				CLANG_WARN_DIRECT_OBJC_ISA_USAGE = YES_ERROR;
				CLANG_WARN_DOCUMENTATION_COMMENTS = YES;
				CLANG_WARN_EMPTY_BODY = YES;
				CLANG_WARN_ENUM_CONVERSION = YES;
				CLANG_WARN_INFINITE_RECURSION = YES;
				CLANG_WARN_INT_CONVERSION = YES;
				CLANG_WARN_OBJC_ROOT_CLASS = YES_ERROR;
				CLANG_WARN_SUSPICIOUS_MOVE = YES;
				CLANG_WARN_UNREACHABLE_CODE = YES;
				CLANG_WARN__DUPLICATE_METHOD_MATCH = YES;
				"CODE_SIGN_IDENTITY[sdk=iphoneos*]" = "iPhone Developer";
				COPY_PHASE_STRIP = NO;
				DEBUG_INFORMATION_FORMAT = "dwarf-with-dsym";
				ENABLE_NS_ASSERTIONS = NO;
				ENABLE_STRICT_OBJC_MSGSEND = YES;
				GCC_C_LANGUAGE_STANDARD = gnu99;
				GCC_NO_COMMON_BLOCKS = YES;
				GCC_WARN_64_TO_32_BIT_CONVERSION = YES;
				GCC_WARN_ABOUT_RETURN_TYPE = YES_ERROR;
				GCC_WARN_UNDECLARED_SELECTOR = YES;
				GCC_WARN_UNINITIALIZED_AUTOS = YES_AGGRESSIVE;
				GCC_WARN_UNUSED_FUNCTION = YES;
				GCC_WARN_UNUSED_VARIABLE = YES;
				IPHONEOS_DEPLOYMENT_TARGET = 10.3;
				MTL_ENABLE_DEBUG_INFO = NO;
				SDKROOT = iphoneos;
				SWIFT_OPTIMIZATION_LEVEL = "-Owholemodule";
				VALIDATE_PRODUCT = YES;
			};
			name = Release;
		};
		ACBECBDB1EF055A300F69032 /* Debug */ = {
			isa = XCBuildConfiguration;
			buildSettings = {
				DEVELOPMENT_TEAM = 8AYF758EP8;
				INFOPLIST_FILE = "The API Awakens/Info.plist";
				LD_RUNPATH_SEARCH_PATHS = "$(inherited) @executable_path/Frameworks";
				PRODUCT_BUNDLE_IDENTIFIER = "com.tschenk.API-Awakens";
				PRODUCT_NAME = "$(TARGET_NAME)";
				SWIFT_VERSION = 3.0;
			};
			name = Debug;
		};
		ACBECBDC1EF055A300F69032 /* Release */ = {
			isa = XCBuildConfiguration;
			buildSettings = {
				DEVELOPMENT_TEAM = 8AYF758EP8;
				INFOPLIST_FILE = "The API Awakens/Info.plist";
				LD_RUNPATH_SEARCH_PATHS = "$(inherited) @executable_path/Frameworks";
				PRODUCT_BUNDLE_IDENTIFIER = "com.tschenk.API-Awakens";
				PRODUCT_NAME = "$(TARGET_NAME)";
				SWIFT_VERSION = 3.0;
			};
			name = Release;
		};
/* End XCBuildConfiguration section */

/* Begin XCConfigurationList section */
		ACBECBC31EF055A300F69032 /* Build configuration list for PBXProject "The API Awakens" */ = {
			isa = XCConfigurationList;
			buildConfigurations = (
				ACBECBD81EF055A300F69032 /* Debug */,
				ACBECBD91EF055A300F69032 /* Release */,
			);
			defaultConfigurationIsVisible = 0;
			defaultConfigurationName = Release;
		};
		ACBECBDA1EF055A300F69032 /* Build configuration list for PBXNativeTarget "The API Awakens" */ = {
			isa = XCConfigurationList;
			buildConfigurations = (
				ACBECBDB1EF055A300F69032 /* Debug */,
				ACBECBDC1EF055A300F69032 /* Release */,
			);
			defaultConfigurationIsVisible = 0;
			defaultConfigurationName = Release;
		};
/* End XCConfigurationList section */
	};
	rootObject = ACBECBC01EF055A300F69032 /* Project object */;
}
